{
  "requires": true,
  "lockfileVersion": 1,
  "dependencies": {
    "abcjs": {
      "version": "5.12.0",
      "resolved": "https://registry.npmjs.org/abcjs/-/abcjs-5.12.0.tgz",
      "integrity": "sha512-pvi7SjOAKT7cRyRtywUSwYB0SNtRHKLxZUZ9Oc4E+nvpBHr8Z2/M9Pfyv3oIaiEpxlWTFK+B/H5t/DckiNFgpg==",
      "requires": {
        "midi": "git+https://github.com/paulrosen/MIDI.js.git#abcjs"
      },
      "dependencies": {
        "abcjs": {
          "version": "5.11.0",
          "resolved": "https://registry.npmjs.org/abcjs/-/abcjs-5.11.0.tgz",
          "integrity": "sha512-kLehHwwttcTCVhKQaDkmqYbWBLAWmfyzYSbUQoEDAOTOX5RzDGakX8tXpzlsNHw6Lh8W8odZw44e0siwbG4TKA==",
          "requires": {
            "midi": "git+https://github.com/paulrosen/MIDI.js.git#abcjs"
          },
          "dependencies": {
            "abcjs": {
              "version": "5.10.3",
              "resolved": "https://registry.npmjs.org/abcjs/-/abcjs-5.10.3.tgz",
              "integrity": "sha512-YGmW4CUWd7T2/HqZa/SQOTE+lXg7Z68HwwpJhHJBvdHqLi1uLCiYva1ZRGhB/MPyl1QKqJMfF+LQ1jGAEK69XQ==",
              "requires": {
                "midi": "git+https://github.com/paulrosen/MIDI.js.git#abcjs"
              }
            }
          }
        }
      }
    },
    "font-awesome": {
      "version": "4.7.0",
      "resolved": "https://registry.npmjs.org/font-awesome/-/font-awesome-4.7.0.tgz",
      "integrity": "sha1-j6jPBBGhoxr9B7BtKQK7n8gVoTM=",
      "dev": true
    },
    "midi": {
      "version": "git+https://github.com/paulrosen/MIDI.js.git#e593ffef81a0350f99448e3ab8111957145ff6b2",
      "from": "git+https://github.com/paulrosen/MIDI.js.git#abcjs"
    }
  }
}
